
Microsoft Visual Studio Solution File, Format Version 12.00
# Visual Studio Version 17
VisualStudioVersion = 17.11.35312.102
MinimumVisualStudioVersion = 10.0.40219.1
Project("{FAE04EC0-301F-11D3-BF4B-00C04F79EFBC}") = "MvcCodeFirstApproach1", "MvcCodeFirstApproach1.csproj", "{B6032B15-3F60-438F-BD20-7BD9B75C2584}"
EndProject
Global
	GlobalSection(SolutionConfigurationPlatforms) = preSolution
		Debug|Any CPU = Debug|Any CPU
		Release|Any CPU = Release|Any CPU
	EndGlobalSection
	GlobalSection(ProjectConfigurationPlatforms) = postSolution
		{B6032B15-3F60-438F-BD20-7BD9B75C2584}.Debug|Any CPU.ActiveCfg = Debug|Any CPU
		{B6032B15-3F60-438F-BD20-7BD9B75C2584}.Debug|Any CPU.Build.0 = Debug|Any CPU
		{B6032B15-3F60-438F-BD20-7BD9B75C2584}.Release|Any CPU.ActiveCfg = Release|Any CPU
		{B6032B15-3F60-438F-BD20-7BD9B75C2584}.Release|Any CPU.Build.0 = Release|Any CPU
	EndGlobalSection
	GlobalSection(SolutionProperties) = preSolution
		HideSolutionNode = FALSE
	EndGlobalSection
	GlobalSection(ExtensibilityGlobals) = postSolution
		SolutionGuid = {0B48272D-BE1B-46C7-B667-B2B91A3C65A8}
	EndGlobalSection
EndGlobal
