
Microsoft Visual Studio Solution File, Format Version 12.00
# Visual Studio Version 17
VisualStudioVersion = 17.11.35312.102
MinimumVisualStudioVersion = 10.0.40219.1
Project("{FAE04EC0-301F-11D3-BF4B-00C04F79EFBC}") = "DbFirstApproachSushma", "DbFirstApproachSushma.csproj", "{989B1269-D5EF-498C-A6DA-3CE8FFA07BBA}"
EndProject
Global
	GlobalSection(SolutionConfigurationPlatforms) = preSolution
		Debug|Any CPU = Debug|Any CPU
		Release|Any CPU = Release|Any CPU
	EndGlobalSection
	GlobalSection(ProjectConfigurationPlatforms) = postSolution
		{989B1269-D5EF-498C-A6DA-3CE8FFA07BBA}.Debug|Any CPU.ActiveCfg = Debug|Any CPU
		{989B1269-D5EF-498C-A6DA-3CE8FFA07BBA}.Debug|Any CPU.Build.0 = Debug|Any CPU
		{989B1269-D5EF-498C-A6DA-3CE8FFA07BBA}.Release|Any CPU.ActiveCfg = Release|Any CPU
		{989B1269-D5EF-498C-A6DA-3CE8FFA07BBA}.Release|Any CPU.Build.0 = Release|Any CPU
	EndGlobalSection
	GlobalSection(SolutionProperties) = preSolution
		HideSolutionNode = FALSE
	EndGlobalSection
	GlobalSection(ExtensibilityGlobals) = postSolution
		SolutionGuid = {03F51574-6A2D-48FE-A8BA-0EF7E774B737}
	EndGlobalSection
EndGlobal
