
Microsoft Visual Studio Solution File, Format Version 12.00
# Visual Studio Version 17
VisualStudioVersion = 17.11.35312.102
MinimumVisualStudioVersion = 10.0.40219.1
Project("{FAE04EC0-301F-11D3-BF4B-00C04F79EFBC}") = "WebApplicationApI_sushma", "WebApplicationApI_sushma.csproj", "{C391186E-941F-444B-AF3F-43E25235089E}"
EndProject
Global
	GlobalSection(SolutionConfigurationPlatforms) = preSolution
		Debug|Any CPU = Debug|Any CPU
		Release|Any CPU = Release|Any CPU
	EndGlobalSection
	GlobalSection(ProjectConfigurationPlatforms) = postSolution
		{C391186E-941F-444B-AF3F-43E25235089E}.Debug|Any CPU.ActiveCfg = Debug|Any CPU
		{C391186E-941F-444B-AF3F-43E25235089E}.Debug|Any CPU.Build.0 = Debug|Any CPU
		{C391186E-941F-444B-AF3F-43E25235089E}.Release|Any CPU.ActiveCfg = Release|Any CPU
		{C391186E-941F-444B-AF3F-43E25235089E}.Release|Any CPU.Build.0 = Release|Any CPU
	EndGlobalSection
	GlobalSection(SolutionProperties) = preSolution
		HideSolutionNode = FALSE
	EndGlobalSection
	GlobalSection(ExtensibilityGlobals) = postSolution
		SolutionGuid = {8ED9EB59-94ED-4E6D-9E4E-BA51C4DA81A9}
	EndGlobalSection
EndGlobal
